
Microsoft Visual Studio Solution File, Format Version 12.00
# Visual Studio Version 16
VisualStudioVersion = 16.0.30204.135
MinimumVisualStudioVersion = 10.0.40219.1
Project("{9A19103F-16F7-4668-BE54-9A1E7A4F7556}") = "Arcus.WebApi.Health.AzureFunctions", "Arcus.WebApi.Health.AzureFunctions\Arcus.WebApi.Health.AzureFunctions.csproj", "{3031CB4F-AD17-4E19-825D-BBD2CB941C5D}"
EndProject
Project("{2150E333-8FDC-42A3-9474-1A3956D46DE8}") = "Tests", "Tests", "{95FCAF3F-6357-44D7-8E17-DC8165FAAD91}"
EndProject
Project("{FAE04EC0-301F-11D3-BF4B-00C04F79EFBC}") = "Arcus.WebApi.Health.AzureFunctions.Tests.Unit", "Arcus.WebApi.Health.AzureFunctions.Tests.Unit\Arcus.WebApi.Health.AzureFunctions.Tests.Unit.csproj", "{2A48080C-B1BD-45BE-9EA3-C53237958764}"
EndProject
Global
	GlobalSection(SolutionConfigurationPlatforms) = preSolution
		Debug|Any CPU = Debug|Any CPU
		Release|Any CPU = Release|Any CPU
	EndGlobalSection
	GlobalSection(ProjectConfigurationPlatforms) = postSolution
		{3031CB4F-AD17-4E19-825D-BBD2CB941C5D}.Debug|Any CPU.ActiveCfg = Debug|Any CPU
		{3031CB4F-AD17-4E19-825D-BBD2CB941C5D}.Debug|Any CPU.Build.0 = Debug|Any CPU
		{3031CB4F-AD17-4E19-825D-BBD2CB941C5D}.Release|Any CPU.ActiveCfg = Release|Any CPU
		{3031CB4F-AD17-4E19-825D-BBD2CB941C5D}.Release|Any CPU.Build.0 = Release|Any CPU
		{2A48080C-B1BD-45BE-9EA3-C53237958764}.Debug|Any CPU.ActiveCfg = Debug|Any CPU
		{2A48080C-B1BD-45BE-9EA3-C53237958764}.Debug|Any CPU.Build.0 = Debug|Any CPU
		{2A48080C-B1BD-45BE-9EA3-C53237958764}.Release|Any CPU.ActiveCfg = Release|Any CPU
		{2A48080C-B1BD-45BE-9EA3-C53237958764}.Release|Any CPU.Build.0 = Release|Any CPU
	EndGlobalSection
	GlobalSection(SolutionProperties) = preSolution
		HideSolutionNode = FALSE
	EndGlobalSection
	GlobalSection(NestedProjects) = preSolution
		{2A48080C-B1BD-45BE-9EA3-C53237958764} = {95FCAF3F-6357-44D7-8E17-DC8165FAAD91}
	EndGlobalSection
	GlobalSection(ExtensibilityGlobals) = postSolution
		SolutionGuid = {9042270F-CD78-4717-BEF0-BEA3F1C5939D}
	EndGlobalSection
EndGlobal
